// !$*UTF8*$!
{
	archiveVersion = 1;
	classes = {
	};
	objectVersion = 46;
	objects = {

/* Begin PBXBuildFile section */
		480B21FA1FC993E10012627A /* bg7.png in Resources */ = {isa = PBXBuildFile; fileRef = 480B21EE1FC993E10012627A /* bg7.png */; };
		480B21FB1FC993E10012627A /* bg12.png in Resources */ = {isa = PBXBuildFile; fileRef = 480B21EF1FC993E10012627A /* bg12.png */; };
		480B21FC1FC993E10012627A /* bg11.png in Resources */ = {isa = PBXBuildFile; fileRef = 480B21F01FC993E10012627A /* bg11.png */; };
		480B21FD1FC993E10012627A /* bg10.png in Resources */ = {isa = PBXBuildFile; fileRef = 480B21F11FC993E10012627A /* bg10.png */; };
		480B21FE1FC993E10012627A /* bg5.png in Resources */ = {isa = PBXBuildFile; fileRef = 480B21F21FC993E10012627A /* bg5.png */; };
		480B21FF1FC993E10012627A /* bg9.png in Resources */ = {isa = PBXBuildFile; fileRef = 480B21F31FC993E10012627A /* bg9.png */; };
		480B22001FC993E10012627A /* bg4.png in Resources */ = {isa = PBXBuildFile; fileRef = 480B21F41FC993E10012627A /* bg4.png */; };
		480B22011FC993E10012627A /* bg8.png in Resources */ = {isa = PBXBuildFile; fileRef = 480B21F51FC993E10012627A /* bg8.png */; };
		480B22021FC993E10012627A /* bg6.png in Resources */ = {isa = PBXBuildFile; fileRef = 480B21F61FC993E10012627A /* bg6.png */; };
		480B22031FC993E10012627A /* bg3.png in Resources */ = {isa = PBXBuildFile; fileRef = 480B21F71FC993E10012627A /* bg3.png */; };
		480B22041FC993E10012627A /* bg1.png in Resources */ = {isa = PBXBuildFile; fileRef = 480B21F81FC993E10012627A /* bg1.png */; };
		480B22051FC993E10012627A /* bg2.png in Resources */ = {isa = PBXBuildFile; fileRef = 480B21F91FC993E10012627A /* bg2.png */; };
		480B22071FC99AB80012627A /* textgradient.png in Resources */ = {isa = PBXBuildFile; fileRef = 480B22061FC99AB80012627A /* textgradient.png */; };
		480B22091FC9AAA20012627A /* Main.storyboard in Resources */ = {isa = PBXBuildFile; fileRef = 480B22081FC9AAA20012627A /* Main.storyboard */; };
		4813EFFF1FBC888D0016FD73 /* AppDelegate.swift in Sources */ = {isa = PBXBuildFile; fileRef = 4813EFFE1FBC888D0016FD73 /* AppDelegate.swift */; };
		4813F0061FBC888D0016FD73 /* Assets.xcassets in Resources */ = {isa = PBXBuildFile; fileRef = 4813F0051FBC888D0016FD73 /* Assets.xcassets */; };
		4813F0091FBC888D0016FD73 /* LaunchScreen.storyboard in Resources */ = {isa = PBXBuildFile; fileRef = 4813F0071FBC888D0016FD73 /* LaunchScreen.storyboard */; };
		485E2BD71FBE0DDD00E2207F /* AuthorizeViewController.swift in Sources */ = {isa = PBXBuildFile; fileRef = 485E2BD61FBE0DDD00E2207F /* AuthorizeViewController.swift */; };
		485E2BD91FBE0F4200E2207F /* RegisterViewController.swift in Sources */ = {isa = PBXBuildFile; fileRef = 485E2BD81FBE0F4200E2207F /* RegisterViewController.swift */; };
		48694F411FC04D9800901C93 /* MarketTableViewCell.swift in Sources */ = {isa = PBXBuildFile; fileRef = 48694F401FC04D9800901C93 /* MarketTableViewCell.swift */; };
		48694F4A1FC05A6F00901C93 /* ProductCollectionViewCell.swift in Sources */ = {isa = PBXBuildFile; fileRef = 48694F491FC05A6F00901C93 /* ProductCollectionViewCell.swift */; };
		48694F4C1FC05B9E00901C93 /* ProductViewController.swift in Sources */ = {isa = PBXBuildFile; fileRef = 48694F4B1FC05B9E00901C93 /* ProductViewController.swift */; };
		48694F501FC0C41800901C93 /* ProductDetailViewController.swift in Sources */ = {isa = PBXBuildFile; fileRef = 48694F4F1FC0C41800901C93 /* ProductDetailViewController.swift */; };
		486B6A1B1FC9C2AB008A7164 /* avatar.png in Resources */ = {isa = PBXBuildFile; fileRef = 486B6A1A1FC9C2AB008A7164 /* avatar.png */; };
		486B6A1D1FC9E19A008A7164 /* setting.png in Resources */ = {isa = PBXBuildFile; fileRef = 486B6A1C1FC9E19A008A7164 /* setting.png */; };
		486B6A1F1FC9E1E0008A7164 /* home.png in Resources */ = {isa = PBXBuildFile; fileRef = 486B6A1E1FC9E1E0008A7164 /* home.png */; };
		486B6A211FC9E1E5008A7164 /* map.png in Resources */ = {isa = PBXBuildFile; fileRef = 486B6A201FC9E1E5008A7164 /* map.png */; };
		4870DC651FC7F35300254C4B /* MapViewController.swift in Sources */ = {isa = PBXBuildFile; fileRef = 4870DC641FC7F35300254C4B /* MapViewController.swift */; };
		4870DC671FC86F2700254C4B /* animal.png in Resources */ = {isa = PBXBuildFile; fileRef = 4870DC661FC86F2700254C4B /* animal.png */; };
		4870DC811FC86F7200254C4B /* apple.png in Resources */ = {isa = PBXBuildFile; fileRef = 4870DC681FC86F7200254C4B /* apple.png */; };
		4870DC821FC86F7200254C4B /* banana.png in Resources */ = {isa = PBXBuildFile; fileRef = 4870DC691FC86F7200254C4B /* banana.png */; };
		4870DC831FC86F7200254C4B /* carrot.png in Resources */ = {isa = PBXBuildFile; fileRef = 4870DC6A1FC86F7200254C4B /* carrot.png */; };
		4870DC841FC86F7200254C4B /* chicken.png in Resources */ = {isa = PBXBuildFile; fileRef = 4870DC6B1FC86F7200254C4B /* chicken.png */; };
		4870DC851FC86F7200254C4B /* chilli.png in Resources */ = {isa = PBXBuildFile; fileRef = 4870DC6C1FC86F7200254C4B /* chilli.png */; };
		4870DC861FC86F7200254C4B /* coconut.png in Resources */ = {isa = PBXBuildFile; fileRef = 4870DC6D1FC86F7200254C4B /* coconut.png */; };
		4870DC871FC86F7200254C4B /* corn.png in Resources */ = {isa = PBXBuildFile; fileRef = 4870DC6E1FC86F7200254C4B /* corn.png */; };
		4870DC881FC86F7200254C4B /* cow.png in Resources */ = {isa = PBXBuildFile; fileRef = 4870DC6F1FC86F7200254C4B /* cow.png */; };
		4870DC891FC86F7200254C4B /* cucumber.png in Resources */ = {isa = PBXBuildFile; fileRef = 4870DC701FC86F7200254C4B /* cucumber.png */; };
		4870DC8A1FC86F7200254C4B /* eggplant.png in Resources */ = {isa = PBXBuildFile; fileRef = 4870DC711FC86F7200254C4B /* eggplant.png */; };
		4870DC8B1FC86F7200254C4B /* fish.png in Resources */ = {isa = PBXBuildFile; fileRef = 4870DC721FC86F7200254C4B /* fish.png */; };
		4870DC8C1FC86F7200254C4B /* fruit.png in Resources */ = {isa = PBXBuildFile; fileRef = 4870DC731FC86F7200254C4B /* fruit.png */; };
		4870DC8D1FC86F7200254C4B /* lemon.png in Resources */ = {isa = PBXBuildFile; fileRef = 4870DC741FC86F7200254C4B /* lemon.png */; };
		4870DC8E1FC86F7200254C4B /* lemon1.png in Resources */ = {isa = PBXBuildFile; fileRef = 4870DC751FC86F7200254C4B /* lemon1.png */; };
		4870DC8F1FC86F7200254C4B /* mushroom.png in Resources */ = {isa = PBXBuildFile; fileRef = 4870DC761FC86F7200254C4B /* mushroom.png */; };
		4870DC901FC86F7200254C4B /* orange.png in Resources */ = {isa = PBXBuildFile; fileRef = 4870DC771FC86F7200254C4B /* orange.png */; };
		4870DC911FC86F7200254C4B /* pig.png in Resources */ = {isa = PBXBuildFile; fileRef = 4870DC781FC86F7200254C4B /* pig.png */; };
		4870DC921FC86F7200254C4B /* pine apple.png in Resources */ = {isa = PBXBuildFile; fileRef = 4870DC791FC86F7200254C4B /* pine apple.png */; };
		4870DC931FC86F7200254C4B /* pineapple.png in Resources */ = {isa = PBXBuildFile; fileRef = 4870DC7A1FC86F7200254C4B /* pineapple.png */; };
		4870DC941FC86F7200254C4B /* rose apple.png in Resources */ = {isa = PBXBuildFile; fileRef = 4870DC7B1FC86F7200254C4B /* rose apple.png */; };
		4870DC951FC86F7200254C4B /* shrimp.png in Resources */ = {isa = PBXBuildFile; fileRef = 4870DC7C1FC86F7200254C4B /* shrimp.png */; };
		4870DC961FC86F7200254C4B /* squid.png in Resources */ = {isa = PBXBuildFile; fileRef = 4870DC7D1FC86F7200254C4B /* squid.png */; };
		4870DC971FC86F7200254C4B /* tomato.png in Resources */ = {isa = PBXBuildFile; fileRef = 4870DC7E1FC86F7200254C4B /* tomato.png */; };
		4870DC981FC86F7200254C4B /* vegetable.png in Resources */ = {isa = PBXBuildFile; fileRef = 4870DC7F1FC86F7200254C4B /* vegetable.png */; };
		4870DC991FC86F7200254C4B /* watermelon.png in Resources */ = {isa = PBXBuildFile; fileRef = 4870DC801FC86F7200254C4B /* watermelon.png */; };
		4870DC9D1FC8700000254C4B /* GoogleService-Info.plist in Resources */ = {isa = PBXBuildFile; fileRef = 4870DC9C1FC8700000254C4B /* GoogleService-Info.plist */; };
		48BAA7EA1FBE9F42004D254C /* EmailRegisterViewController.swift in Sources */ = {isa = PBXBuildFile; fileRef = 48BAA7E91FBE9F42004D254C /* EmailRegisterViewController.swift */; };
		48BAA7EC1FBEAE08004D254C /* EmailRegister2ViewController.swift in Sources */ = {isa = PBXBuildFile; fileRef = 48BAA7EB1FBEAE07004D254C /* EmailRegister2ViewController.swift */; };
		48BAA7EE1FBEBB45004D254C /* HomeViewController.swift in Sources */ = {isa = PBXBuildFile; fileRef = 48BAA7ED1FBEBB45004D254C /* HomeViewController.swift */; };
		48BAA7F01FBEC36D004D254C /* LoginViewController.swift in Sources */ = {isa = PBXBuildFile; fileRef = 48BAA7EF1FBEC36D004D254C /* LoginViewController.swift */; };
		48BAA7F21FBEDE27004D254C /* ResetPasswordViewController.swift in Sources */ = {isa = PBXBuildFile; fileRef = 48BAA7F11FBEDE27004D254C /* ResetPasswordViewController.swift */; };
		48BAA7F41FBEEA5A004D254C /* LogoutViewController.swift in Sources */ = {isa = PBXBuildFile; fileRef = 48BAA7F31FBEEA5A004D254C /* LogoutViewController.swift */; };
		48E6B7181FC6F511007CB504 /* FavoriteViewController.swift in Sources */ = {isa = PBXBuildFile; fileRef = 48E6B7171FC6F511007CB504 /* FavoriteViewController.swift */; };
		48EE3CD01FC87223001F63C4 /* kale.png in Resources */ = {isa = PBXBuildFile; fileRef = 48EE3CCF1FC87223001F63C4 /* kale.png */; };
		48EE3CDA1FC8A09F001F63C4 /* TitilliumWeb-Regular.ttf in Resources */ = {isa = PBXBuildFile; fileRef = 48EE3CD91FC8A09F001F63C4 /* TitilliumWeb-Regular.ttf */; };
		48EE3CDC1FC8A1C8001F63C4 /* logo.png in Resources */ = {isa = PBXBuildFile; fileRef = 48EE3CDB1FC8A1C8001F63C4 /* logo.png */; };
		983FAC9722DE5051F16565DC /* Pods_swiftProject.framework in Frameworks */ = {isa = PBXBuildFile; fileRef = 8706B9EF41AF665C2672E396 /* Pods_swiftProject.framework */; };
/* End PBXBuildFile section */

/* Begin PBXFileReference section */
		3A9916F10F27458B74D12B92 /* Pods-swiftProject.release.xcconfig */ = {isa = PBXFileReference; includeInIndex = 1; lastKnownFileType = text.xcconfig; name = "Pods-swiftProject.release.xcconfig"; path = "Pods/Target Support Files/Pods-swiftProject/Pods-swiftProject.release.xcconfig"; sourceTree = "<group>"; };
		480B21EE1FC993E10012627A /* bg7.png */ = {isa = PBXFileReference; lastKnownFileType = image.png; path = bg7.png; sourceTree = "<group>"; };
		480B21EF1FC993E10012627A /* bg12.png */ = {isa = PBXFileReference; lastKnownFileType = image.png; path = bg12.png; sourceTree = "<group>"; };
		480B21F01FC993E10012627A /* bg11.png */ = {isa = PBXFileReference; lastKnownFileType = image.png; path = bg11.png; sourceTree = "<group>"; };
		480B21F11FC993E10012627A /* bg10.png */ = {isa = PBXFileReference; lastKnownFileType = image.png; path = bg10.png; sourceTree = "<group>"; };
		480B21F21FC993E10012627A /* bg5.png */ = {isa = PBXFileReference; lastKnownFileType = image.png; path = bg5.png; sourceTree = "<group>"; };
		480B21F31FC993E10012627A /* bg9.png */ = {isa = PBXFileReference; lastKnownFileType = image.png; path = bg9.png; sourceTree = "<group>"; };
		480B21F41FC993E10012627A /* bg4.png */ = {isa = PBXFileReference; lastKnownFileType = image.png; path = bg4.png; sourceTree = "<group>"; };
		480B21F51FC993E10012627A /* bg8.png */ = {isa = PBXFileReference; lastKnownFileType = image.png; path = bg8.png; sourceTree = "<group>"; };
		480B21F61FC993E10012627A /* bg6.png */ = {isa = PBXFileReference; lastKnownFileType = image.png; path = bg6.png; sourceTree = "<group>"; };
		480B21F71FC993E10012627A /* bg3.png */ = {isa = PBXFileReference; lastKnownFileType = image.png; path = bg3.png; sourceTree = "<group>"; };
		480B21F81FC993E10012627A /* bg1.png */ = {isa = PBXFileReference; lastKnownFileType = image.png; path = bg1.png; sourceTree = "<group>"; };
		480B21F91FC993E10012627A /* bg2.png */ = {isa = PBXFileReference; lastKnownFileType = image.png; path = bg2.png; sourceTree = "<group>"; };
		480B22061FC99AB80012627A /* textgradient.png */ = {isa = PBXFileReference; lastKnownFileType = image.png; path = textgradient.png; sourceTree = "<group>"; };
		480B22081FC9AAA20012627A /* Main.storyboard */ = {isa = PBXFileReference; fileEncoding = 4; lastKnownFileType = file.storyboard; path = Main.storyboard; sourceTree = "<group>"; };
		4813EFFB1FBC888D0016FD73 /* swiftProject.app */ = {isa = PBXFileReference; explicitFileType = wrapper.application; includeInIndex = 0; path = swiftProject.app; sourceTree = BUILT_PRODUCTS_DIR; };
		4813EFFE1FBC888D0016FD73 /* AppDelegate.swift */ = {isa = PBXFileReference; lastKnownFileType = sourcecode.swift; path = AppDelegate.swift; sourceTree = "<group>"; };
		4813F0051FBC888D0016FD73 /* Assets.xcassets */ = {isa = PBXFileReference; lastKnownFileType = folder.assetcatalog; path = Assets.xcassets; sourceTree = "<group>"; };
		4813F0081FBC888D0016FD73 /* Base */ = {isa = PBXFileReference; lastKnownFileType = file.storyboard; name = Base; path = Base.lproj/LaunchScreen.storyboard; sourceTree = "<group>"; };
		4813F00A1FBC888D0016FD73 /* Info.plist */ = {isa = PBXFileReference; lastKnownFileType = text.plist.xml; path = Info.plist; sourceTree = "<group>"; };
		485E2BD61FBE0DDD00E2207F /* AuthorizeViewController.swift */ = {isa = PBXFileReference; fileEncoding = 4; lastKnownFileType = sourcecode.swift; path = AuthorizeViewController.swift; sourceTree = "<group>"; };
		485E2BD81FBE0F4200E2207F /* RegisterViewController.swift */ = {isa = PBXFileReference; fileEncoding = 4; lastKnownFileType = sourcecode.swift; path = RegisterViewController.swift; sourceTree = "<group>"; };
		48694F401FC04D9800901C93 /* MarketTableViewCell.swift */ = {isa = PBXFileReference; fileEncoding = 4; lastKnownFileType = sourcecode.swift; path = MarketTableViewCell.swift; sourceTree = "<group>"; };
		48694F491FC05A6F00901C93 /* ProductCollectionViewCell.swift */ = {isa = PBXFileReference; fileEncoding = 4; lastKnownFileType = sourcecode.swift; path = ProductCollectionViewCell.swift; sourceTree = "<group>"; };
		48694F4B1FC05B9E00901C93 /* ProductViewController.swift */ = {isa = PBXFileReference; fileEncoding = 4; lastKnownFileType = sourcecode.swift; path = ProductViewController.swift; sourceTree = "<group>"; };
		48694F4F1FC0C41800901C93 /* ProductDetailViewController.swift */ = {isa = PBXFileReference; fileEncoding = 4; lastKnownFileType = sourcecode.swift; path = ProductDetailViewController.swift; sourceTree = "<group>"; };
		486B6A1A1FC9C2AB008A7164 /* avatar.png */ = {isa = PBXFileReference; lastKnownFileType = image.png; path = avatar.png; sourceTree = "<group>"; };
		486B6A1C1FC9E19A008A7164 /* setting.png */ = {isa = PBXFileReference; lastKnownFileType = image.png; path = setting.png; sourceTree = "<group>"; };
		486B6A1E1FC9E1E0008A7164 /* home.png */ = {isa = PBXFileReference; lastKnownFileType = image.png; path = home.png; sourceTree = "<group>"; };
		486B6A201FC9E1E5008A7164 /* map.png */ = {isa = PBXFileReference; lastKnownFileType = image.png; path = map.png; sourceTree = "<group>"; };
		4870DC641FC7F35300254C4B /* MapViewController.swift */ = {isa = PBXFileReference; fileEncoding = 4; lastKnownFileType = sourcecode.swift; path = MapViewController.swift; sourceTree = "<group>"; };
		4870DC661FC86F2700254C4B /* animal.png */ = {isa = PBXFileReference; lastKnownFileType = image.png; path = animal.png; sourceTree = "<group>"; };
		4870DC681FC86F7200254C4B /* apple.png */ = {isa = PBXFileReference; lastKnownFileType = image.png; path = apple.png; sourceTree = "<group>"; };
		4870DC691FC86F7200254C4B /* banana.png */ = {isa = PBXFileReference; lastKnownFileType = image.png; path = banana.png; sourceTree = "<group>"; };
		4870DC6A1FC86F7200254C4B /* carrot.png */ = {isa = PBXFileReference; lastKnownFileType = image.png; path = carrot.png; sourceTree = "<group>"; };
		4870DC6B1FC86F7200254C4B /* chicken.png */ = {isa = PBXFileReference; lastKnownFileType = image.png; path = chicken.png; sourceTree = "<group>"; };
		4870DC6C1FC86F7200254C4B /* chilli.png */ = {isa = PBXFileReference; lastKnownFileType = image.png; path = chilli.png; sourceTree = "<group>"; };
		4870DC6D1FC86F7200254C4B /* coconut.png */ = {isa = PBXFileReference; lastKnownFileType = image.png; path = coconut.png; sourceTree = "<group>"; };
		4870DC6E1FC86F7200254C4B /* corn.png */ = {isa = PBXFileReference; lastKnownFileType = image.png; path = corn.png; sourceTree = "<group>"; };
		4870DC6F1FC86F7200254C4B /* cow.png */ = {isa = PBXFileReference; lastKnownFileType = image.png; path = cow.png; sourceTree = "<group>"; };
		4870DC701FC86F7200254C4B /* cucumber.png */ = {isa = PBXFileReference; lastKnownFileType = image.png; path = cucumber.png; sourceTree = "<group>"; };
		4870DC711FC86F7200254C4B /* eggplant.png */ = {isa = PBXFileReference; lastKnownFileType = image.png; path = eggplant.png; sourceTree = "<group>"; };
		4870DC721FC86F7200254C4B /* fish.png */ = {isa = PBXFileReference; lastKnownFileType = image.png; path = fish.png; sourceTree = "<group>"; };
		4870DC731FC86F7200254C4B /* fruit.png */ = {isa = PBXFileReference; lastKnownFileType = image.png; path = fruit.png; sourceTree = "<group>"; };
		4870DC741FC86F7200254C4B /* lemon.png */ = {isa = PBXFileReference; lastKnownFileType = image.png; path = lemon.png; sourceTree = "<group>"; };
		4870DC751FC86F7200254C4B /* lemon1.png */ = {isa = PBXFileReference; lastKnownFileType = image.png; path = lemon1.png; sourceTree = "<group>"; };
		4870DC761FC86F7200254C4B /* mushroom.png */ = {isa = PBXFileReference; lastKnownFileType = image.png; path = mushroom.png; sourceTree = "<group>"; };
		4870DC771FC86F7200254C4B /* orange.png */ = {isa = PBXFileReference; lastKnownFileType = image.png; path = orange.png; sourceTree = "<group>"; };
		4870DC781FC86F7200254C4B /* pig.png */ = {isa = PBXFileReference; lastKnownFileType = image.png; path = pig.png; sourceTree = "<group>"; };
		4870DC791FC86F7200254C4B /* pine apple.png */ = {isa = PBXFileReference; lastKnownFileType = image.png; path = "pine apple.png"; sourceTree = "<group>"; };
		4870DC7A1FC86F7200254C4B /* pineapple.png */ = {isa = PBXFileReference; lastKnownFileType = image.png; path = pineapple.png; sourceTree = "<group>"; };
		4870DC7B1FC86F7200254C4B /* rose apple.png */ = {isa = PBXFileReference; lastKnownFileType = image.png; path = "rose apple.png"; sourceTree = "<group>"; };
		4870DC7C1FC86F7200254C4B /* shrimp.png */ = {isa = PBXFileReference; lastKnownFileType = image.png; path = shrimp.png; sourceTree = "<group>"; };
		4870DC7D1FC86F7200254C4B /* squid.png */ = {isa = PBXFileReference; lastKnownFileType = image.png; path = squid.png; sourceTree = "<group>"; };
		4870DC7E1FC86F7200254C4B /* tomato.png */ = {isa = PBXFileReference; lastKnownFileType = image.png; path = tomato.png; sourceTree = "<group>"; };
		4870DC7F1FC86F7200254C4B /* vegetable.png */ = {isa = PBXFileReference; lastKnownFileType = image.png; path = vegetable.png; sourceTree = "<group>"; };
		4870DC801FC86F7200254C4B /* watermelon.png */ = {isa = PBXFileReference; lastKnownFileType = image.png; path = watermelon.png; sourceTree = "<group>"; };
		4870DC9C1FC8700000254C4B /* GoogleService-Info.plist */ = {isa = PBXFileReference; fileEncoding = 4; lastKnownFileType = text.plist.xml; path = "GoogleService-Info.plist"; sourceTree = "<group>"; };
		48BAA7E91FBE9F42004D254C /* EmailRegisterViewController.swift */ = {isa = PBXFileReference; fileEncoding = 4; lastKnownFileType = sourcecode.swift; path = EmailRegisterViewController.swift; sourceTree = "<group>"; };
		48BAA7EB1FBEAE07004D254C /* EmailRegister2ViewController.swift */ = {isa = PBXFileReference; fileEncoding = 4; lastKnownFileType = sourcecode.swift; path = EmailRegister2ViewController.swift; sourceTree = "<group>"; };
		48BAA7ED1FBEBB45004D254C /* HomeViewController.swift */ = {isa = PBXFileReference; fileEncoding = 4; lastKnownFileType = sourcecode.swift; path = HomeViewController.swift; sourceTree = "<group>"; };
		48BAA7EF1FBEC36D004D254C /* LoginViewController.swift */ = {isa = PBXFileReference; fileEncoding = 4; lastKnownFileType = sourcecode.swift; path = LoginViewController.swift; sourceTree = "<group>"; };
		48BAA7F11FBEDE27004D254C /* ResetPasswordViewController.swift */ = {isa = PBXFileReference; fileEncoding = 4; lastKnownFileType = sourcecode.swift; path = ResetPasswordViewController.swift; sourceTree = "<group>"; };
		48BAA7F31FBEEA5A004D254C /* LogoutViewController.swift */ = {isa = PBXFileReference; fileEncoding = 4; lastKnownFileType = sourcecode.swift; path = LogoutViewController.swift; sourceTree = "<group>"; };
		48E6B7171FC6F511007CB504 /* FavoriteViewController.swift */ = {isa = PBXFileReference; fileEncoding = 4; lastKnownFileType = sourcecode.swift; path = FavoriteViewController.swift; sourceTree = "<group>"; };
		48EE3CCF1FC87223001F63C4 /* kale.png */ = {isa = PBXFileReference; lastKnownFileType = image.png; path = kale.png; sourceTree = "<group>"; };
		48EE3CD91FC8A09F001F63C4 /* TitilliumWeb-Regular.ttf */ = {isa = PBXFileReference; lastKnownFileType = file; name = "TitilliumWeb-Regular.ttf"; path = "../TitilliumWeb-Regular.ttf"; sourceTree = "<group>"; };
		48EE3CDB1FC8A1C8001F63C4 /* logo.png */ = {isa = PBXFileReference; lastKnownFileType = image.png; path = logo.png; sourceTree = "<group>"; };
		8706B9EF41AF665C2672E396 /* Pods_swiftProject.framework */ = {isa = PBXFileReference; explicitFileType = wrapper.framework; includeInIndex = 0; path = Pods_swiftProject.framework; sourceTree = BUILT_PRODUCTS_DIR; };
		B033CE5DD2FE67F57967C057 /* Pods-swiftProject.debug.xcconfig */ = {isa = PBXFileReference; includeInIndex = 1; lastKnownFileType = text.xcconfig; name = "Pods-swiftProject.debug.xcconfig"; path = "Pods/Target Support Files/Pods-swiftProject/Pods-swiftProject.debug.xcconfig"; sourceTree = "<group>"; };
/* End PBXFileReference section */

/* Begin PBXFrameworksBuildPhase section */
		4813EFF81FBC888D0016FD73 /* Frameworks */ = {
			isa = PBXFrameworksBuildPhase;
			buildActionMask = 2147483647;
			files = (
				983FAC9722DE5051F16565DC /* Pods_swiftProject.framework in Frameworks */,
			);
			runOnlyForDeploymentPostprocessing = 0;
		};
/* End PBXFrameworksBuildPhase section */

/* Begin PBXGroup section */
		4813EFF21FBC888D0016FD73 = {
			isa = PBXGroup;
			children = (
				4813EFFD1FBC888D0016FD73 /* swiftProject */,
				4813EFFC1FBC888D0016FD73 /* Products */,
				8855C05ACF6A35B2653BCAF1 /* Pods */,
				62258E1FDCCFB07DE6050D93 /* Frameworks */,
			);
			sourceTree = "<group>";
		};
		4813EFFC1FBC888D0016FD73 /* Products */ = {
			isa = PBXGroup;
			children = (
				4813EFFB1FBC888D0016FD73 /* swiftProject.app */,
			);
			name = Products;
			sourceTree = "<group>";
		};
		4813EFFD1FBC888D0016FD73 /* swiftProject */ = {
			isa = PBXGroup;
			children = (
				4813EFFE1FBC888D0016FD73 /* AppDelegate.swift */,
				485E2BD81FBE0F4200E2207F /* RegisterViewController.swift */,
				48BAA7F11FBEDE27004D254C /* ResetPasswordViewController.swift */,
				48BAA7E91FBE9F42004D254C /* EmailRegisterViewController.swift */,
				48694F4F1FC0C41800901C93 /* ProductDetailViewController.swift */,
				48BAA7ED1FBEBB45004D254C /* HomeViewController.swift */,
				48BAA7F31FBEEA5A004D254C /* LogoutViewController.swift */,
				480B22081FC9AAA20012627A /* Main.storyboard */,
				4870DC641FC7F35300254C4B /* MapViewController.swift */,
				48E6B7171FC6F511007CB504 /* FavoriteViewController.swift */,
				48694F4B1FC05B9E00901C93 /* ProductViewController.swift */,
				48694F491FC05A6F00901C93 /* ProductCollectionViewCell.swift */,
				48694F401FC04D9800901C93 /* MarketTableViewCell.swift */,
				48BAA7EF1FBEC36D004D254C /* LoginViewController.swift */,
				48BAA7EB1FBEAE07004D254C /* EmailRegister2ViewController.swift */,
				485E2BD61FBE0DDD00E2207F /* AuthorizeViewController.swift */,
				4813F0051FBC888D0016FD73 /* Assets.xcassets */,
				48694F481FC0585A00901C93 /* assets */,
				4813F0071FBC888D0016FD73 /* LaunchScreen.storyboard */,
				4870DC9C1FC8700000254C4B /* GoogleService-Info.plist */,
				4813F00A1FBC888D0016FD73 /* Info.plist */,
			);
			path = swiftProject;
			sourceTree = "<group>";
		};
		48694F481FC0585A00901C93 /* assets */ = {
			isa = PBXGroup;
			children = (
				486B6A1A1FC9C2AB008A7164 /* avatar.png */,
				480B22061FC99AB80012627A /* textgradient.png */,
				486B6A1C1FC9E19A008A7164 /* setting.png */,
				486B6A1E1FC9E1E0008A7164 /* home.png */,
				480B21EE1FC993E10012627A /* bg7.png */,
				480B21EF1FC993E10012627A /* bg12.png */,
				486B6A201FC9E1E5008A7164 /* map.png */,
				480B21F01FC993E10012627A /* bg11.png */,
				480B21F11FC993E10012627A /* bg10.png */,
				480B21F21FC993E10012627A /* bg5.png */,
				480B21F31FC993E10012627A /* bg9.png */,
				480B21F41FC993E10012627A /* bg4.png */,
				480B21F51FC993E10012627A /* bg8.png */,
				480B21F61FC993E10012627A /* bg6.png */,
				480B21F71FC993E10012627A /* bg3.png */,
				480B21F81FC993E10012627A /* bg1.png */,
				480B21F91FC993E10012627A /* bg2.png */,
				48EE3CDB1FC8A1C8001F63C4 /* logo.png */,
				48EE3CD91FC8A09F001F63C4 /* TitilliumWeb-Regular.ttf */,
				48EE3CCF1FC87223001F63C4 /* kale.png */,
				4870DC681FC86F7200254C4B /* apple.png */,
				4870DC691FC86F7200254C4B /* banana.png */,
				4870DC6A1FC86F7200254C4B /* carrot.png */,
				4870DC6B1FC86F7200254C4B /* chicken.png */,
				4870DC6C1FC86F7200254C4B /* chilli.png */,
				4870DC6D1FC86F7200254C4B /* coconut.png */,
				4870DC6E1FC86F7200254C4B /* corn.png */,
				4870DC6F1FC86F7200254C4B /* cow.png */,
				4870DC701FC86F7200254C4B /* cucumber.png */,
				4870DC711FC86F7200254C4B /* eggplant.png */,
				4870DC721FC86F7200254C4B /* fish.png */,
				4870DC731FC86F7200254C4B /* fruit.png */,
				4870DC741FC86F7200254C4B /* lemon.png */,
				4870DC751FC86F7200254C4B /* lemon1.png */,
				4870DC761FC86F7200254C4B /* mushroom.png */,
				4870DC771FC86F7200254C4B /* orange.png */,
				4870DC781FC86F7200254C4B /* pig.png */,
				4870DC791FC86F7200254C4B /* pine apple.png */,
				4870DC7A1FC86F7200254C4B /* pineapple.png */,
				4870DC7B1FC86F7200254C4B /* rose apple.png */,
				4870DC7C1FC86F7200254C4B /* shrimp.png */,
				4870DC7D1FC86F7200254C4B /* squid.png */,
				4870DC7E1FC86F7200254C4B /* tomato.png */,
				4870DC7F1FC86F7200254C4B /* vegetable.png */,
				4870DC801FC86F7200254C4B /* watermelon.png */,
				4870DC661FC86F2700254C4B /* animal.png */,
			);
			name = assets;
			sourceTree = "<group>";
		};
		62258E1FDCCFB07DE6050D93 /* Frameworks */ = {
			isa = PBXGroup;
			children = (
				8706B9EF41AF665C2672E396 /* Pods_swiftProject.framework */,
			);
			name = Frameworks;
			sourceTree = "<group>";
		};
		8855C05ACF6A35B2653BCAF1 /* Pods */ = {
			isa = PBXGroup;
			children = (
				B033CE5DD2FE67F57967C057 /* Pods-swiftProject.debug.xcconfig */,
				3A9916F10F27458B74D12B92 /* Pods-swiftProject.release.xcconfig */,
			);
			name = Pods;
			sourceTree = "<group>";
		};
/* End PBXGroup section */

/* Begin PBXNativeTarget section */
		4813EFFA1FBC888D0016FD73 /* swiftProject */ = {
			isa = PBXNativeTarget;
			buildConfigurationList = 4813F00D1FBC888D0016FD73 /* Build configuration list for PBXNativeTarget "swiftProject" */;
			buildPhases = (
				E286E65F3FA0C529D327EB5E /* [CP] Check Pods Manifest.lock */,
				4813EFF71FBC888D0016FD73 /* Sources */,
				4813EFF81FBC888D0016FD73 /* Frameworks */,
				4813EFF91FBC888D0016FD73 /* Resources */,
				E54F390F3C35DDDF038B895B /* [CP] Embed Pods Frameworks */,
				D2E821EF44099471A7759D4F /* [CP] Copy Pods Resources */,
			);
			buildRules = (
			);
			dependencies = (
			);
			name = swiftProject;
			productName = swiftProject;
			productReference = 4813EFFB1FBC888D0016FD73 /* swiftProject.app */;
			productType = "com.apple.product-type.application";
		};
/* End PBXNativeTarget section */

/* Begin PBXProject section */
		4813EFF31FBC888D0016FD73 /* Project object */ = {
			isa = PBXProject;
			attributes = {
				LastSwiftUpdateCheck = 0830;
				LastUpgradeCheck = 0830;
				ORGANIZATIONNAME = "Alzack Connell";
				TargetAttributes = {
					4813EFFA1FBC888D0016FD73 = {
						CreatedOnToolsVersion = 8.3.3;
						ProvisioningStyle = Automatic;
					};
				};
			};
			buildConfigurationList = 4813EFF61FBC888D0016FD73 /* Build configuration list for PBXProject "swiftProject" */;
			compatibilityVersion = "Xcode 3.2";
			developmentRegion = English;
			hasScannedForEncodings = 0;
			knownRegions = (
				en,
				Base,
			);
			mainGroup = 4813EFF21FBC888D0016FD73;
			productRefGroup = 4813EFFC1FBC888D0016FD73 /* Products */;
			projectDirPath = "";
			projectRoot = "";
			targets = (
				4813EFFA1FBC888D0016FD73 /* swiftProject */,
			);
		};
/* End PBXProject section */

/* Begin PBXResourcesBuildPhase section */
		4813EFF91FBC888D0016FD73 /* Resources */ = {
			isa = PBXResourcesBuildPhase;
			buildActionMask = 2147483647;
			files = (
				480B22031FC993E10012627A /* bg3.png in Resources */,
				480B21FA1FC993E10012627A /* bg7.png in Resources */,
				48EE3CDA1FC8A09F001F63C4 /* TitilliumWeb-Regular.ttf in Resources */,
				486B6A1B1FC9C2AB008A7164 /* avatar.png in Resources */,
				486B6A211FC9E1E5008A7164 /* map.png in Resources */,
				480B21FC1FC993E10012627A /* bg11.png in Resources */,
				480B22041FC993E10012627A /* bg1.png in Resources */,
				4870DC971FC86F7200254C4B /* tomato.png in Resources */,
				4870DC981FC86F7200254C4B /* vegetable.png in Resources */,
				4870DC931FC86F7200254C4B /* pineapple.png in Resources */,
				4813F0091FBC888D0016FD73 /* LaunchScreen.storyboard in Resources */,
				480B21FB1FC993E10012627A /* bg12.png in Resources */,
				4870DC901FC86F7200254C4B /* orange.png in Resources */,
				4870DC8E1FC86F7200254C4B /* lemon1.png in Resources */,
				480B22011FC993E10012627A /* bg8.png in Resources */,
				4870DC8A1FC86F7200254C4B /* eggplant.png in Resources */,
				4870DC951FC86F7200254C4B /* shrimp.png in Resources */,
				4870DC941FC86F7200254C4B /* rose apple.png in Resources */,
				4813F0061FBC888D0016FD73 /* Assets.xcassets in Resources */,
				4870DC8D1FC86F7200254C4B /* lemon.png in Resources */,
				4870DC921FC86F7200254C4B /* pine apple.png in Resources */,
				4870DC8B1FC86F7200254C4B /* fish.png in Resources */,
				4870DC811FC86F7200254C4B /* apple.png in Resources */,
				4870DC9D1FC8700000254C4B /* GoogleService-Info.plist in Resources */,
				486B6A1F1FC9E1E0008A7164 /* home.png in Resources */,
				4870DC851FC86F7200254C4B /* chilli.png in Resources */,
				4870DC961FC86F7200254C4B /* squid.png in Resources */,
				480B22071FC99AB80012627A /* textgradient.png in Resources */,
				4870DC911FC86F7200254C4B /* pig.png in Resources */,
				48EE3CDC1FC8A1C8001F63C4 /* logo.png in Resources */,
				480B21FD1FC993E10012627A /* bg10.png in Resources */,
				480B21FF1FC993E10012627A /* bg9.png in Resources */,
				4870DC871FC86F7200254C4B /* corn.png in Resources */,
				480B22021FC993E10012627A /* bg6.png in Resources */,
				4870DC821FC86F7200254C4B /* banana.png in Resources */,
				4870DC881FC86F7200254C4B /* cow.png in Resources */,
				480B22051FC993E10012627A /* bg2.png in Resources */,
				4870DC891FC86F7200254C4B /* cucumber.png in Resources */,
				480B22091FC9AAA20012627A /* Main.storyboard in Resources */,
				48EE3CD01FC87223001F63C4 /* kale.png in Resources */,
				480B22001FC993E10012627A /* bg4.png in Resources */,
				4870DC671FC86F2700254C4B /* animal.png in Resources */,
				4870DC8F1FC86F7200254C4B /* mushroom.png in Resources */,
				480B21FE1FC993E10012627A /* bg5.png in Resources */,
				4870DC8C1FC86F7200254C4B /* fruit.png in Resources */,
				4870DC861FC86F7200254C4B /* coconut.png in Resources */,
				486B6A1D1FC9E19A008A7164 /* setting.png in Resources */,
				4870DC831FC86F7200254C4B /* carrot.png in Resources */,
				4870DC991FC86F7200254C4B /* watermelon.png in Resources */,
				4870DC841FC86F7200254C4B /* chicken.png in Resources */,
			);
			runOnlyForDeploymentPostprocessing = 0;
		};
/* End PBXResourcesBuildPhase section */

/* Begin PBXShellScriptBuildPhase section */
		D2E821EF44099471A7759D4F /* [CP] Copy Pods Resources */ = {
			isa = PBXShellScriptBuildPhase;
			buildActionMask = 2147483647;
			files = (
			);
			inputPaths = (
				"${SRCROOT}/Pods/Target Support Files/Pods-swiftProject/Pods-swiftProject-resources.sh",
				"${PODS_ROOT}/GoogleMaps/Maps/Frameworks/GoogleMaps.framework/Resources/GoogleMaps.bundle",
				"${PODS_ROOT}/GooglePlacePicker/Frameworks/GooglePlacePicker.framework/Resources/GooglePlacePicker.bundle",
				"${PODS_ROOT}/GooglePlaces/Frameworks/GooglePlaces.framework/Resources/GooglePlaces.bundle",
			);
			name = "[CP] Copy Pods Resources";
			outputPaths = (
				"${TARGET_BUILD_DIR}/${UNLOCALIZED_RESOURCES_FOLDER_PATH}",
			);
			runOnlyForDeploymentPostprocessing = 0;
			shellPath = /bin/sh;
			shellScript = "\"${SRCROOT}/Pods/Target Support Files/Pods-swiftProject/Pods-swiftProject-resources.sh\"\n";
			showEnvVarsInLog = 0;
		};
		E286E65F3FA0C529D327EB5E /* [CP] Check Pods Manifest.lock */ = {
			isa = PBXShellScriptBuildPhase;
			buildActionMask = 2147483647;
			files = (
			);
			inputPaths = (
				"${PODS_PODFILE_DIR_PATH}/Podfile.lock",
				"${PODS_ROOT}/Manifest.lock",
			);
			name = "[CP] Check Pods Manifest.lock";
			outputPaths = (
				"$(DERIVED_FILE_DIR)/Pods-swiftProject-checkManifestLockResult.txt",
			);
			runOnlyForDeploymentPostprocessing = 0;
			shellPath = /bin/sh;
			shellScript = "diff \"${PODS_PODFILE_DIR_PATH}/Podfile.lock\" \"${PODS_ROOT}/Manifest.lock\" > /dev/null\nif [ $? != 0 ] ; then\n    # print error to STDERR\n    echo \"error: The sandbox is not in sync with the Podfile.lock. Run 'pod install' or update your CocoaPods installation.\" >&2\n    exit 1\nfi\n# This output is used by Xcode 'outputs' to avoid re-running this script phase.\necho \"SUCCESS\" > \"${SCRIPT_OUTPUT_FILE_0}\"\n";
			showEnvVarsInLog = 0;
		};
		E54F390F3C35DDDF038B895B /* [CP] Embed Pods Frameworks */ = {
			isa = PBXShellScriptBuildPhase;
			buildActionMask = 2147483647;
			files = (
			);
			inputPaths = (
				"${SRCROOT}/Pods/Target Support Files/Pods-swiftProject/Pods-swiftProject-frameworks.sh",
				"${BUILT_PRODUCTS_DIR}/GTMSessionFetcher/GTMSessionFetcher.framework",
				"${BUILT_PRODUCTS_DIR}/GoogleToolboxForMac/GoogleToolboxForMac.framework",
				"${BUILT_PRODUCTS_DIR}/PredictionBuilder/PredictionBuilder.framework",
				"${BUILT_PRODUCTS_DIR}/leveldb-library/leveldb.framework",
				"${BUILT_PRODUCTS_DIR}/nanopb/nanopb.framework",
			);
			name = "[CP] Embed Pods Frameworks";
			outputPaths = (
				"${TARGET_BUILD_DIR}/${FRAMEWORKS_FOLDER_PATH}/GTMSessionFetcher.framework",
				"${TARGET_BUILD_DIR}/${FRAMEWORKS_FOLDER_PATH}/GoogleToolboxForMac.framework",
				"${TARGET_BUILD_DIR}/${FRAMEWORKS_FOLDER_PATH}/PredictionBuilder.framework",
				"${TARGET_BUILD_DIR}/${FRAMEWORKS_FOLDER_PATH}/leveldb.framework",
				"${TARGET_BUILD_DIR}/${FRAMEWORKS_FOLDER_PATH}/nanopb.framework",
			);
			runOnlyForDeploymentPostprocessing = 0;
			shellPath = /bin/sh;
			shellScript = "\"${SRCROOT}/Pods/Target Support Files/Pods-swiftProject/Pods-swiftProject-frameworks.sh\"\n";
			showEnvVarsInLog = 0;
		};
/* End PBXShellScriptBuildPhase section */

/* Begin PBXSourcesBuildPhase section */
		4813EFF71FBC888D0016FD73 /* Sources */ = {
			isa = PBXSourcesBuildPhase;
			buildActionMask = 2147483647;
			files = (
				48BAA7F01FBEC36D004D254C /* LoginViewController.swift in Sources */,
				48BAA7EC1FBEAE08004D254C /* EmailRegister2ViewController.swift in Sources */,
				48694F4A1FC05A6F00901C93 /* ProductCollectionViewCell.swift in Sources */,
				48BAA7EA1FBE9F42004D254C /* EmailRegisterViewController.swift in Sources */,
				48694F501FC0C41800901C93 /* ProductDetailViewController.swift in Sources */,
				48694F411FC04D9800901C93 /* MarketTableViewCell.swift in Sources */,
				48BAA7F21FBEDE27004D254C /* ResetPasswordViewController.swift in Sources */,
				48694F4C1FC05B9E00901C93 /* ProductViewController.swift in Sources */,
				4813EFFF1FBC888D0016FD73 /* AppDelegate.swift in Sources */,
				485E2BD71FBE0DDD00E2207F /* AuthorizeViewController.swift in Sources */,
				48E6B7181FC6F511007CB504 /* FavoriteViewController.swift in Sources */,
				485E2BD91FBE0F4200E2207F /* RegisterViewController.swift in Sources */,
				48BAA7F41FBEEA5A004D254C /* LogoutViewController.swift in Sources */,
				4870DC651FC7F35300254C4B /* MapViewController.swift in Sources */,
				48BAA7EE1FBEBB45004D254C /* HomeViewController.swift in Sources */,
			);
			runOnlyForDeploymentPostprocessing = 0;
		};
/* End PBXSourcesBuildPhase section */

/* Begin PBXVariantGroup section */
		4813F0071FBC888D0016FD73 /* LaunchScreen.storyboard */ = {
			isa = PBXVariantGroup;
			children = (
				4813F0081FBC888D0016FD73 /* Base */,
			);
			name = LaunchScreen.storyboard;
			sourceTree = "<group>";
		};
/* End PBXVariantGroup section */

/* Begin XCBuildConfiguration section */
		4813F00B1FBC888D0016FD73 /* Debug */ = {
			isa = XCBuildConfiguration;
			buildSettings = {
				ALWAYS_SEARCH_USER_PATHS = NO;
				CLANG_ANALYZER_NONNULL = YES;
				CLANG_ANALYZER_NUMBER_OBJECT_CONVERSION = YES_AGGRESSIVE;
				CLANG_CXX_LANGUAGE_STANDARD = "gnu++0x";
				CLANG_CXX_LIBRARY = "libc++";
				CLANG_ENABLE_MODULES = YES;
				CLANG_ENABLE_OBJC_ARC = YES;
				CLANG_WARN_BOOL_CONVERSION = YES;
				CLANG_WARN_CONSTANT_CONVERSION = YES;
				CLANG_WARN_DIRECT_OBJC_ISA_USAGE = YES_ERROR;
				CLANG_WARN_DOCUMENTATION_COMMENTS = YES;
				CLANG_WARN_EMPTY_BODY = YES;
				CLANG_WARN_ENUM_CONVERSION = YES;
				CLANG_WARN_INFINITE_RECURSION = YES;
				CLANG_WARN_INT_CONVERSION = YES;
				CLANG_WARN_OBJC_ROOT_CLASS = YES_ERROR;
				CLANG_WARN_SUSPICIOUS_MOVE = YES;
				CLANG_WARN_UNREACHABLE_CODE = YES;
				CLANG_WARN__DUPLICATE_METHOD_MATCH = YES;
				"CODE_SIGN_IDENTITY[sdk=iphoneos*]" = "iPhone Developer";
				COPY_PHASE_STRIP = NO;
				DEBUG_INFORMATION_FORMAT = dwarf;
				ENABLE_STRICT_OBJC_MSGSEND = YES;
				ENABLE_TESTABILITY = YES;
				GCC_C_LANGUAGE_STANDARD = gnu99;
				GCC_DYNAMIC_NO_PIC = NO;
				GCC_NO_COMMON_BLOCKS = YES;
				GCC_OPTIMIZATION_LEVEL = 0;
				GCC_PREPROCESSOR_DEFINITIONS = (
					"DEBUG=1",
					"$(inherited)",
				);
				GCC_WARN_64_TO_32_BIT_CONVERSION = YES;
				GCC_WARN_ABOUT_RETURN_TYPE = YES_ERROR;
				GCC_WARN_UNDECLARED_SELECTOR = YES;
				GCC_WARN_UNINITIALIZED_AUTOS = YES_AGGRESSIVE;
				GCC_WARN_UNUSED_FUNCTION = YES;
				GCC_WARN_UNUSED_VARIABLE = YES;
				IPHONEOS_DEPLOYMENT_TARGET = 10.3;
				MTL_ENABLE_DEBUG_INFO = YES;
				ONLY_ACTIVE_ARCH = YES;
				SDKROOT = iphoneos;
				SWIFT_ACTIVE_COMPILATION_CONDITIONS = DEBUG;
				SWIFT_OPTIMIZATION_LEVEL = "-Onone";
				TARGETED_DEVICE_FAMILY = "1,2";
			};
			name = Debug;
		};
		4813F00C1FBC888D0016FD73 /* Release */ = {
			isa = XCBuildConfiguration;
			buildSettings = {
				ALWAYS_SEARCH_USER_PATHS = NO;
				CLANG_ANALYZER_NONNULL = YES;
				CLANG_ANALYZER_NUMBER_OBJECT_CONVERSION = YES_AGGRESSIVE;
				CLANG_CXX_LANGUAGE_STANDARD = "gnu++0x";
				CLANG_CXX_LIBRARY = "libc++";
				CLANG_ENABLE_MODULES = YES;
				CLANG_ENABLE_OBJC_ARC = YES;
				CLANG_WARN_BOOL_CONVERSION = YES;
				CLANG_WARN_CONSTANT_CONVERSION = YES;
				CLANG_WARN_DIRECT_OBJC_ISA_USAGE = YES_ERROR;
				CLANG_WARN_DOCUMENTATION_COMMENTS = YES;
				CLANG_WARN_EMPTY_BODY = YES;
				CLANG_WARN_ENUM_CONVERSION = YES;
				CLANG_WARN_INFINITE_RECURSION = YES;
				CLANG_WARN_INT_CONVERSION = YES;
				CLANG_WARN_OBJC_ROOT_CLASS = YES_ERROR;
				CLANG_WARN_SUSPICIOUS_MOVE = YES;
				CLANG_WARN_UNREACHABLE_CODE = YES;
				CLANG_WARN__DUPLICATE_METHOD_MATCH = YES;
				"CODE_SIGN_IDENTITY[sdk=iphoneos*]" = "iPhone Developer";
				COPY_PHASE_STRIP = NO;
				DEBUG_INFORMATION_FORMAT = "dwarf-with-dsym";
				ENABLE_NS_ASSERTIONS = NO;
				ENABLE_STRICT_OBJC_MSGSEND = YES;
				GCC_C_LANGUAGE_STANDARD = gnu99;
				GCC_NO_COMMON_BLOCKS = YES;
				GCC_WARN_64_TO_32_BIT_CONVERSION = YES;
				GCC_WARN_ABOUT_RETURN_TYPE = YES_ERROR;
				GCC_WARN_UNDECLARED_SELECTOR = YES;
				GCC_WARN_UNINITIALIZED_AUTOS = YES_AGGRESSIVE;
				GCC_WARN_UNUSED_FUNCTION = YES;
				GCC_WARN_UNUSED_VARIABLE = YES;
				IPHONEOS_DEPLOYMENT_TARGET = 10.3;
				MTL_ENABLE_DEBUG_INFO = NO;
				SDKROOT = iphoneos;
				SWIFT_OPTIMIZATION_LEVEL = "-Owholemodule";
				TARGETED_DEVICE_FAMILY = "1,2";
				VALIDATE_PRODUCT = YES;
			};
			name = Release;
		};
		4813F00E1FBC888D0016FD73 /* Debug */ = {
			isa = XCBuildConfiguration;
			baseConfigurationReference = B033CE5DD2FE67F57967C057 /* Pods-swiftProject.debug.xcconfig */;
			buildSettings = {
				ASSETCATALOG_COMPILER_APPICON_NAME = AppIcon;
				INFOPLIST_FILE = swiftProject/Info.plist;
				LD_RUNPATH_SEARCH_PATHS = "$(inherited) @executable_path/Frameworks";
				PRODUCT_BUNDLE_IDENTIFIER = com.wattanuyan.nattaaek.swiftProject;
				PRODUCT_NAME = "$(TARGET_NAME)";
				SWIFT_VERSION = 3.0;
			};
			name = Debug;
		};
		4813F00F1FBC888D0016FD73 /* Release */ = {
			isa = XCBuildConfiguration;
			baseConfigurationReference = 3A9916F10F27458B74D12B92 /* Pods-swiftProject.release.xcconfig */;
			buildSettings = {
				ASSETCATALOG_COMPILER_APPICON_NAME = AppIcon;
				INFOPLIST_FILE = swiftProject/Info.plist;
				LD_RUNPATH_SEARCH_PATHS = "$(inherited) @executable_path/Frameworks";
				PRODUCT_BUNDLE_IDENTIFIER = com.wattanuyan.nattaaek.swiftProject;
				PRODUCT_NAME = "$(TARGET_NAME)";
				SWIFT_VERSION = 3.0;
			};
			name = Release;
		};
/* End XCBuildConfiguration section */

/* Begin XCConfigurationList section */
		4813EFF61FBC888D0016FD73 /* Build configuration list for PBXProject "swiftProject" */ = {
			isa = XCConfigurationList;
			buildConfigurations = (
				4813F00B1FBC888D0016FD73 /* Debug */,
				4813F00C1FBC888D0016FD73 /* Release */,
			);
			defaultConfigurationIsVisible = 0;
			defaultConfigurationName = Release;
		};
		4813F00D1FBC888D0016FD73 /* Build configuration list for PBXNativeTarget "swiftProject" */ = {
			isa = XCConfigurationList;
			buildConfigurations = (
				4813F00E1FBC888D0016FD73 /* Debug */,
				4813F00F1FBC888D0016FD73 /* Release */,
			);
			defaultConfigurationIsVisible = 0;
			defaultConfigurationName = Release;
		};
/* End XCConfigurationList section */
	};
	rootObject = 4813EFF31FBC888D0016FD73 /* Project object */;
}
